PODS:
  - AFNetworking (3.2.1):
    - AFNetworking/NSURLSession (= 3.2.1)
    - AFNetworking/Reachability (= 3.2.1)
    - AFNetworking/Security (= 3.2.1)
    - AFNetworking/Serialization (= 3.2.1)
    - AFNetworking/UIKit (= 3.2.1)
  - AFNetworking/NSURLSession (3.2.1):
    - AFNetworking/Reachability
    - AFNetworking/Security
    - AFNetworking/Serialization
  - AFNetworking/Reachability (3.2.1)
  - AFNetworking/Security (3.2.1)
  - AFNetworking/Serialization (3.2.1)
  - AFNetworking/UIKit (3.2.1):
    - AFNetworking/NSURLSession
  - SDWebImage (5.0.2):
    - SDWebImage/Core (= 5.0.2)
  - SDWebImage/Core (5.0.2)
  - SocketRocket (0.5.1)
  - WeexSDK (0.20.1)

DEPENDENCIES:
  - AFNetworking (~> 3.2.1)
  - SDWebImage
  - SocketRocket
  - WeexSDK

SPEC REPOS:
  https://github.com/cocoapods/specs.git:
    - AFNetworking
    - SDWebImage
    - SocketRocket
    - WeexSDK

SPEC CHECKSUMS:
  AFNetworking: b6f891fdfaed196b46c7a83cf209e09697b94057
  SDWebImage: 6764b5fa0f73c203728052955dbefa2bf1f33282
  SocketRocket: d57c7159b83c3c6655745cd15302aa24b6bae531
  WeexSDK: ced3f2ef2f0cb48d1d76fd2f03c645572c632d21

PODFILE CHECKSUM: 035564186f22462e1d53be3515c519e058a3d3dc

COCOAPODS: 1.6.1
